
Microsoft Visual Studio Solution File, Format Version 12.00
# Visual Studio Version 16
VisualStudioVersion = 16.0.29102.190
MinimumVisualStudioVersion = 10.0.40219.1
Project("{F184B08F-C81C-45F6-A57F-5ABD9991F28F}") = "LeitroReceitaFederal", "LeitroReceitaFederal\LeitroReceitaFederal.vbproj", "{C31FED10-BB9F-4D83-9820-8B1B9C23EEAB}"
EndProject
Project("{F184B08F-C81C-45F6-A57F-5ABD9991F28F}") = "LibNovoRoboCorp", "LibNovoRoboCorp\LibNovoRoboCorp.vbproj", "{7CBD1BEF-EBB5-40DF-B4DD-667C3DFC226E}"
EndProject
Project("{F184B08F-C81C-45F6-A57F-5ABD9991F28F}") = "DivisorDeArquivo", "DivisorDeArquivo\DivisorDeArquivo.vbproj", "{394CCC90-AA49-4114-9AD5-B678829DBF67}"
EndProject
Project("{F184B08F-C81C-45F6-A57F-5ABD9991F28F}") = "Teste1", "Teste1\Teste1.vbproj", "{86E236DB-3413-4530-86D5-E75C964B88A8}"
EndProject
Project("{00D1A9C2-B5F0-4AF3-8072-F6C62B433612}") = "SQLProject", "SQLProject\SQLProject.sqlproj", "{FF9735AB-85E7-4C84-A538-08954E2B0751}"
EndProject
Global
	GlobalSection(SolutionConfigurationPlatforms) = preSolution
		Debug|Any CPU = Debug|Any CPU
		Release|Any CPU = Release|Any CPU
	EndGlobalSection
	GlobalSection(ProjectConfigurationPlatforms) = postSolution
		{C31FED10-BB9F-4D83-9820-8B1B9C23EEAB}.Debug|Any CPU.ActiveCfg = Debug|Any CPU
		{C31FED10-BB9F-4D83-9820-8B1B9C23EEAB}.Debug|Any CPU.Build.0 = Debug|Any CPU
		{C31FED10-BB9F-4D83-9820-8B1B9C23EEAB}.Release|Any CPU.ActiveCfg = Release|Any CPU
		{C31FED10-BB9F-4D83-9820-8B1B9C23EEAB}.Release|Any CPU.Build.0 = Release|Any CPU
		{7CBD1BEF-EBB5-40DF-B4DD-667C3DFC226E}.Debug|Any CPU.ActiveCfg = Debug|Any CPU
		{7CBD1BEF-EBB5-40DF-B4DD-667C3DFC226E}.Debug|Any CPU.Build.0 = Debug|Any CPU
		{7CBD1BEF-EBB5-40DF-B4DD-667C3DFC226E}.Release|Any CPU.ActiveCfg = Release|Any CPU
		{7CBD1BEF-EBB5-40DF-B4DD-667C3DFC226E}.Release|Any CPU.Build.0 = Release|Any CPU
		{394CCC90-AA49-4114-9AD5-B678829DBF67}.Debug|Any CPU.ActiveCfg = Debug|Any CPU
		{394CCC90-AA49-4114-9AD5-B678829DBF67}.Debug|Any CPU.Build.0 = Debug|Any CPU
		{394CCC90-AA49-4114-9AD5-B678829DBF67}.Release|Any CPU.ActiveCfg = Release|Any CPU
		{394CCC90-AA49-4114-9AD5-B678829DBF67}.Release|Any CPU.Build.0 = Release|Any CPU
		{86E236DB-3413-4530-86D5-E75C964B88A8}.Debug|Any CPU.ActiveCfg = Debug|Any CPU
		{86E236DB-3413-4530-86D5-E75C964B88A8}.Debug|Any CPU.Build.0 = Debug|Any CPU
		{86E236DB-3413-4530-86D5-E75C964B88A8}.Release|Any CPU.ActiveCfg = Release|Any CPU
		{86E236DB-3413-4530-86D5-E75C964B88A8}.Release|Any CPU.Build.0 = Release|Any CPU
		{FF9735AB-85E7-4C84-A538-08954E2B0751}.Debug|Any CPU.ActiveCfg = Debug|Any CPU
		{FF9735AB-85E7-4C84-A538-08954E2B0751}.Debug|Any CPU.Build.0 = Debug|Any CPU
		{FF9735AB-85E7-4C84-A538-08954E2B0751}.Debug|Any CPU.Deploy.0 = Debug|Any CPU
		{FF9735AB-85E7-4C84-A538-08954E2B0751}.Release|Any CPU.ActiveCfg = Release|Any CPU
		{FF9735AB-85E7-4C84-A538-08954E2B0751}.Release|Any CPU.Build.0 = Release|Any CPU
		{FF9735AB-85E7-4C84-A538-08954E2B0751}.Release|Any CPU.Deploy.0 = Release|Any CPU
	EndGlobalSection
	GlobalSection(SolutionProperties) = preSolution
		HideSolutionNode = FALSE
	EndGlobalSection
	GlobalSection(ExtensibilityGlobals) = postSolution
		SolutionGuid = {9889850C-E171-4B3F-8C52-0A5D0FB8DE16}
	EndGlobalSection
EndGlobal
